lockfileVersion: 5.4

specifiers:
  '@supabase/supabase-js': ^2.21.0
  discord.js: ^14.9.0
  dotenv: ^16.0.3

dependencies:
  '@supabase/supabase-js': 2.21.0
  discord.js: 14.9.0
  dotenv: 16.0.3

packages:

  /@discordjs/builders/1.6.1:
    resolution: {integrity: sha512-CCcLwn/8ANhlAbhlE18fcaN0hfXTen53/JiwZs1t9oE/Cqa9maA8ZRarkCIsXF4J7J/MYnd0J6IsxeKsq+f6mw==}
    engines: {node: '>=16.9.0'}
    dependencies:
      '@discordjs/formatters': 0.3.0
      '@discordjs/util': 0.2.0
      '@sapphire/shapeshift': 3.8.2
      discord-api-types: 0.37.39
      fast-deep-equal: 3.1.3
      ts-mixer: 6.0.3
      tslib: 2.5.0
    dev: false

  /@discordjs/collection/1.5.0:
    resolution: {integrity: sha512-suyVndkEAAWrGxyw/CPGdtXoRRU6AUNkibtnbJevQzpelkJh3Q1gQqWDpqf5i39CnAn5+LrN0YS+cULeEjq2Yw==}
    engines: {node: '>=16.9.0'}
    dev: false

  /@discordjs/formatters/0.3.0:
    resolution: {integrity: sha512-Fc4MomalbP8HMKEMor3qUiboAKDtR7PSBoPjwm7WYghVRwgJlj5WYvUsriLsxeKk8+Qq2oy+HJlGTUkGvX0YnA==}
    engines: {node: '>=16.9.0'}
    dependencies:
      discord-api-types: 0.37.39
    dev: false

  /@discordjs/rest/1.7.0:
    resolution: {integrity: sha512-r2HzmznRIo8IDGYBWqQfkEaGN1LrFfWQd3dSyC4tOpMU8nuVvFUEw6V/lwnG44jyOq+vgyDny2fxeUDMt9I4aQ==}
    engines: {node: '>=16.9.0'}
    dependencies:
      '@discordjs/collection': 1.5.0
      '@discordjs/util': 0.2.0
      '@sapphire/async-queue': 1.5.0
      '@sapphire/snowflake': 3.4.2
      discord-api-types: 0.37.39
      file-type: 18.2.1
      tslib: 2.5.0
      undici: 5.22.0
    dev: false

  /@discordjs/util/0.2.0:
    resolution: {integrity: sha512-/8qNbebFzLWKOOg+UV+RB8itp4SmU5jw0tBUD3ifElW6rYNOj1Ku5JaSW7lLl/WgjjxF01l/1uQPCzkwr110vg==}
    engines: {node: '>=16.9.0'}
    dev: false

  /@sapphire/async-queue/1.5.0:
    resolution: {integrity: sha512-JkLdIsP8fPAdh9ZZjrbHWR/+mZj0wvKS5ICibcLrRI1j84UmLMshx5n9QmL8b95d4onJ2xxiyugTgSAX7AalmA==}
    engines: {node: '>=v14.0.0', npm: '>=7.0.0'}
    dev: false

  /@sapphire/shapeshift/3.8.2:
    resolution: {integrity: sha512-NXpnJAsxN3/h9TqQPntOeVWZrpIuucqXI3IWF6tj2fWCoRLCuVK5wx7Dtg7pRrtkYfsMUbDqgKoX26vrC5iYfA==}
    engines: {node: '>=v14.0.0', npm: '>=7.0.0'}
    dependencies:
      fast-deep-equal: 3.1.3
      lodash: 4.17.21
    dev: false

  /@sapphire/snowflake/3.4.2:
    resolution: {integrity: sha512-KJwlv5gkGjs1uFV7/xx81n3tqgBwBJvH94n1xDyH3q+JSmtsMeSleJffarEBfG2yAFeJiFA4BnGOK6FFPHc19g==}
    engines: {node: '>=v14.0.0', npm: '>=7.0.0'}
    dev: false

  /@supabase/functions-js/2.1.1:
    resolution: {integrity: sha512-bIR1Puae6W+1/MzPfYBWOG/SCWGo4B5CB7c0ZZksvliNEAzhxNBJ0UFKYINcGdGtxG8ZC+1xr3utWpNZNwnoRw==}
    dependencies:
      cross-fetch: 3.1.5
    transitivePeerDependencies:
      - encoding
    dev: false

  /@supabase/gotrue-js/2.24.0:
    resolution: {integrity: sha512-ZsH4K5cbMTjfMytXaDYVYs9l9igmlZFxiwXn7J2IP/CklWR5qmLCma+dvat5rccPLITVkN6oAZbKxDzW+pEgCg==}
    dependencies:
      cross-fetch: 3.1.5
    transitivePeerDependencies:
      - encoding
    dev: false

  /@supabase/postgrest-js/1.6.0:
    resolution: {integrity: sha512-HCphMC6KjtoaGcowSlkKRVKBOlNpmKWE2CwoumMwwsfhnRxplIy1zBiIYIL3zIYo/Bm20H/1C6enqjBeTvSwXg==}
    dependencies:
      cross-fetch: 3.1.5
    transitivePeerDependencies:
      - encoding
    dev: false

  /@supabase/realtime-js/2.7.2:
    resolution: {integrity: sha512-Fi6xAl5PUkqnjl3wo4rdcQIbMG3+yTRX1aUZe/yfvTG84RMvmCXJ1yN6MmafVLeZpU1xkaz5Vx4L0tnHcLiy6w==}
    dependencies:
      '@types/phoenix': 1.5.6
      '@types/websocket': 1.0.5
      websocket: 1.0.34
    transitivePeerDependencies:
      - supports-color
    dev: false

  /@supabase/storage-js/2.5.1:
    resolution: {integrity: sha512-nkR0fQA9ScAtIKA3vNoPEqbZv1k5B5HVRYEvRWdlP6mUpFphM9TwPL2jZ/ztNGMTG5xT6SrHr+H7Ykz8qzbhjw==}
    dependencies:
      cross-fetch: 3.1.5
    transitivePeerDependencies:
      - encoding
    dev: false

  /@supabase/supabase-js/2.21.0:
    resolution: {integrity: sha512-FW3ZzBoc4orSgfX0dXrmJoXAcI/hiekmqXTkN64vjtUF2Urp3UjyAf71UTtV9Jl6ejHoe3K++e0+Rg9zKUJh5w==}
    dependencies:
      '@supabase/functions-js': 2.1.1
      '@supabase/gotrue-js': 2.24.0
      '@supabase/postgrest-js': 1.6.0
      '@supabase/realtime-js': 2.7.2
      '@supabase/storage-js': 2.5.1
      cross-fetch: 3.1.5
    transitivePeerDependencies:
      - encoding
      - supports-color
    dev: false

  /@tokenizer/token/0.3.0:
    resolution: {integrity: sha512-OvjF+z51L3ov0OyAU0duzsYuvO01PH7x4t6DJx+guahgTnBHkhJdG7soQeTSFLWN3efnHyibZ4Z8l2EuWwJN3A==}
    dev: false

  /@types/node/18.15.13:
    resolution: {integrity: sha512-N+0kuo9KgrUQ1Sn/ifDXsvg0TTleP7rIy4zOBGECxAljqvqfqpTfzx0Q1NUedOixRMBfe2Whhb056a42cWs26Q==}
    dev: false

  /@types/phoenix/1.5.6:
    resolution: {integrity: sha512-e7jZ6I9uyRGsg7MNwQcarmBvRlbGb9DibbocE9crVnxqsy6C23RMxLWbJ2CQ3vgCW7taoL1L+F02EcjA6ld7XA==}
    dev: false

  /@types/websocket/1.0.5:
    resolution: {integrity: sha512-NbsqiNX9CnEfC1Z0Vf4mE1SgAJ07JnRYcNex7AJ9zAVzmiGHmjKFEk7O4TJIsgv2B1sLEb6owKFZrACwdYngsQ==}
    dependencies:
      '@types/node': 18.15.13
    dev: false

  /@types/ws/8.5.4:
    resolution: {integrity: sha512-zdQDHKUgcX/zBc4GrwsE/7dVdAD8JR4EuiAXiiUhhfyIJXXb2+PrGshFyeXWQPMmmZ2XxgaqclgpIC7eTXc1mg==}
    dependencies:
      '@types/node': 18.15.13
    dev: false

  /bufferutil/4.0.7:
    resolution: {integrity: sha512-kukuqc39WOHtdxtw4UScxF/WVnMFVSQVKhtx3AjZJzhd0RGZZldcrfSEbVsWWe6KNH253574cq5F+wpv0G9pJw==}
    engines: {node: '>=6.14.2'}
    requiresBuild: true
    dependencies:
      node-gyp-build: 4.6.0
    dev: false

  /busboy/1.6.0:
    resolution: {integrity: sha512-8SFQbg/0hQ9xy3UNTB0YEnsNBbWfhf7RtnzpL7TkBiTBRfrQ9Fxcnz7VJsleJpyp6rVLvXiuORqjlHi5q+PYuA==}
    engines: {node: '>=10.16.0'}
    dependencies:
      streamsearch: 1.1.0
    dev: false

  /cross-fetch/3.1.5:
    resolution: {integrity: sha512-lvb1SBsI0Z7GDwmuid+mU3kWVBwTVUbe7S0H52yaaAdQOXq2YktTCZdlAcNKFzE6QtRz0snpw9bNiPeOIkkQvw==}
    dependencies:
      node-fetch: 2.6.7
    transitivePeerDependencies:
      - encoding
    dev: false

  /d/1.0.1:
    resolution: {integrity: sha512-m62ShEObQ39CfralilEQRjH6oAMtNCV1xJyEx5LpRYUVN+EviphDgUc/F3hnYbADmkiNs67Y+3ylmlG7Lnu+FA==}
    dependencies:
      es5-ext: 0.10.62
      type: 1.2.0
    dev: false

  /debug/2.6.9:
    resolution: {integrity: sha512-bC7ElrdJaJnPbAP+1EotYvqZsb3ecl5wi6Bfi6BJTUcNowp6cvspg0jXznRTKDjm/E7AdgFBVeAPVMNcKGsHMA==}
    peerDependencies:
      supports-color: '*'
    peerDependenciesMeta:
      supports-color:
        optional: true
    dependencies:
      ms: 2.0.0
    dev: false

  /discord-api-types/0.37.39:
    resolution: {integrity: sha512-hkhQsQyzsTJITp311WXvHZh9j4RAMfIk2hPmsWeOTN50QTpg6zqmJNfel9D/8lYNvsU01wzw9281Yke8NhYyHg==}
    dev: false

  /discord.js/14.9.0:
    resolution: {integrity: sha512-ygGms5xP4hG+QrrY9k7d/OYCzMltSMtdl/2Snzq/nLCiZo+Sna91Ulv9l0+B5Jd/Czcq37B7wJAnmja7GOa+bg==}
    engines: {node: '>=16.9.0'}
    dependencies:
      '@discordjs/builders': 1.6.1
      '@discordjs/collection': 1.5.0
      '@discordjs/formatters': 0.3.0
      '@discordjs/rest': 1.7.0
      '@discordjs/util': 0.2.0
      '@sapphire/snowflake': 3.4.2
      '@types/ws': 8.5.4
      discord-api-types: 0.37.39
      fast-deep-equal: 3.1.3
      lodash.snakecase: 4.1.1
      tslib: 2.5.0
      undici: 5.22.0
      ws: 8.13.0
    transitivePeerDependencies:
      - bufferutil
      - utf-8-validate
    dev: false

  /dotenv/16.0.3:
    resolution: {integrity: sha512-7GO6HghkA5fYG9TYnNxi14/7K9f5occMlp3zXAuSxn7CKCxt9xbNWG7yF8hTCSUchlfWSe3uLmlPfigevRItzQ==}
    engines: {node: '>=12'}
    dev: false

  /es5-ext/0.10.62:
    resolution: {integrity: sha512-BHLqn0klhEpnOKSrzn/Xsz2UIW8j+cGmo9JLzr8BiUapV8hPL9+FliFqjwr9ngW7jWdnxv6eO+/LqyhJVqgrjA==}
    engines: {node: '>=0.10'}
    requiresBuild: true
    dependencies:
      es6-iterator: 2.0.3
      es6-symbol: 3.1.3
      next-tick: 1.1.0
    dev: false

  /es6-iterator/2.0.3:
    resolution: {integrity: sha512-zw4SRzoUkd+cl+ZoE15A9o1oQd920Bb0iOJMQkQhl3jNc03YqVjAhG7scf9C5KWRU/R13Orf588uCC6525o02g==}
    dependencies:
      d: 1.0.1
      es5-ext: 0.10.62
      es6-symbol: 3.1.3
    dev: false

  /es6-symbol/3.1.3:
    resolution: {integrity: sha512-NJ6Yn3FuDinBaBRWl/q5X/s4koRHBrgKAu+yGI6JCBeiu3qrcbJhwT2GeR/EXVfylRk8dpQVJoLEFhK+Mu31NA==}
    dependencies:
      d: 1.0.1
      ext: 1.7.0
    dev: false

  /ext/1.7.0:
    resolution: {integrity: sha512-6hxeJYaL110a9b5TEJSj0gojyHQAmA2ch5Os+ySCiA1QGdS697XWY1pzsrSjqA9LDEEgdB/KypIlR59RcLuHYw==}
    dependencies:
      type: 2.7.2
    dev: false

  /fast-deep-equal/3.1.3:
    resolution: {integrity: sha512-f3qQ9oQy9j2AhBe/H9VC91wLmKBCCU/gDOnKNAYG5hswO7BLKj09Hc5HYNz9cGI++xlpDCIgDaitVs03ATR84Q==}
    dev: false

  /file-type/18.2.1:
    resolution: {integrity: sha512-Yw5MtnMv7vgD2/6Bjmmuegc8bQEVA9GmAyaR18bMYWKqsWDG9wgYZ1j4I6gNMF5Y5JBDcUcjRQqNQx7Y8uotcg==}
    engines: {node: '>=14.16'}
    dependencies:
      readable-web-to-node-stream: 3.0.2
      strtok3: 7.0.0
      token-types: 5.0.1
    dev: false

  /ieee754/1.2.1:
    resolution: {integrity: sha512-dcyqhDvX1C46lXZcVqCpK+FtMRQVdIMN6/Df5js2zouUsqG7I6sFxitIC+7KYK29KdXOLHdu9zL4sFnoVQnqaA==}
    dev: false

  /inherits/2.0.4:
    resolution: {integrity: sha512-k/vGaX4/Yla3WzyMCvTQOXYeIHvqOKtnqBduzTHpzpQZzAskKMhZ2K+EnBiSM9zGSoIFeMpXKxa4dYeZIQqewQ==}
    dev: false

  /is-typedarray/1.0.0:
    resolution: {integrity: sha512-cyA56iCMHAh5CdzjJIa4aohJyeO1YbwLi3Jc35MmRU6poroFjIGZzUzupGiRPOjgHg9TLu43xbpwXk523fMxKA==}
    dev: false

  /lodash.snakecase/4.1.1:
    resolution: {integrity: sha512-QZ1d4xoBHYUeuouhEq3lk3Uq7ldgyFXGBhg04+oRLnIz8o9T65Eh+8YdroUwn846zchkA9yDsDl5CVVaV2nqYw==}
    dev: false

  /lodash/4.17.21:
    resolution: {integrity: sha512-v2kDEe57lecTulaDIuNTPy3Ry4gLGJ6Z1O3vE1krgXZNrsQ+LFTGHVxVjcXPs17LhbZVGedAJv8XZ1tvj5FvSg==}
    dev: false

  /ms/2.0.0:
    resolution: {integrity: sha512-Tpp60P6IUJDTuOq/5Z8cdskzJujfwqfOTkrwIwj7IRISpnkJnT6SyJ4PCPnGMoFjC9ddhal5KVIYtAt97ix05A==}
    dev: false

  /next-tick/1.1.0:
    resolution: {integrity: sha512-CXdUiJembsNjuToQvxayPZF9Vqht7hewsvy2sOWafLvi2awflj9mOC6bHIg50orX8IJvWKY9wYQ/zB2kogPslQ==}
    dev: false

  /node-fetch/2.6.7:
    resolution: {integrity: sha512-ZjMPFEfVx5j+y2yF35Kzx5sF7kDzxuDj6ziH4FFbOp87zKDZNx8yExJIb05OGF4Nlt9IHFIMBkRl41VdvcNdbQ==}
    engines: {node: 4.x || >=6.0.0}
    peerDependencies:
      encoding: ^0.1.0
    peerDependenciesMeta:
      encoding:
        optional: true
    dependencies:
      whatwg-url: 5.0.0
    dev: false

  /node-gyp-build/4.6.0:
    resolution: {integrity: sha512-NTZVKn9IylLwUzaKjkas1e4u2DLNcV4rdYagA4PWdPwW87Bi7z+BznyKSRwS/761tV/lzCGXplWsiaMjLqP2zQ==}
    hasBin: true
    dev: false

  /peek-readable/5.0.0:
    resolution: {integrity: sha512-YtCKvLUOvwtMGmrniQPdO7MwPjgkFBtFIrmfSbYmYuq3tKDV/mcfAhBth1+C3ru7uXIZasc/pHnb+YDYNkkj4A==}
    engines: {node: '>=14.16'}
    dev: false

  /readable-stream/3.6.2:
    resolution: {integrity: sha512-9u/sniCrY3D5WdsERHzHE4G2YCXqoG5FTHUiCC4SIbr6XcLZBY05ya9EKjYek9O5xOAwjGq+1JdGBAS7Q9ScoA==}
    engines: {node: '>= 6'}
    dependencies:
      inherits: 2.0.4
      string_decoder: 1.3.0
      util-deprecate: 1.0.2
    dev: false

  /readable-web-to-node-stream/3.0.2:
    resolution: {integrity: sha512-ePeK6cc1EcKLEhJFt/AebMCLL+GgSKhuygrZ/GLaKZYEecIgIECf4UaUuaByiGtzckwR4ain9VzUh95T1exYGw==}
    engines: {node: '>=8'}
    dependencies:
      readable-stream: 3.6.2
    dev: false

  /safe-buffer/5.2.1:
    resolution: {integrity: sha512-rp3So07KcdmmKbGvgaNxQSJr7bGVSVk5S9Eq1F+ppbRo70+YeaDxkw5Dd8NPN+GD6bjnYm2VuPuCXmpuYvmCXQ==}
    dev: false

  /streamsearch/1.1.0:
    resolution: {integrity: sha512-Mcc5wHehp9aXz1ax6bZUyY5afg9u2rv5cqQI3mRrYkGC8rW2hM02jWuwjtL++LS5qinSyhj2QfLyNsuc+VsExg==}
    engines: {node: '>=10.0.0'}
    dev: false

  /string_decoder/1.3.0:
    resolution: {integrity: sha512-hkRX8U1WjJFd8LsDJ2yQ/wWWxaopEsABU1XfkM8A+j0+85JAGppt16cr1Whg6KIbb4okU6Mql6BOj+uup/wKeA==}
    dependencies:
      safe-buffer: 5.2.1
    dev: false

  /strtok3/7.0.0:
    resolution: {integrity: sha512-pQ+V+nYQdC5H3Q7qBZAz/MO6lwGhoC2gOAjuouGf/VO0m7vQRh8QNMl2Uf6SwAtzZ9bOw3UIeBukEGNJl5dtXQ==}
    engines: {node: '>=14.16'}
    dependencies:
      '@tokenizer/token': 0.3.0
      peek-readable: 5.0.0
    dev: false

  /token-types/5.0.1:
    resolution: {integrity: sha512-Y2fmSnZjQdDb9W4w4r1tswlMHylzWIeOKpx0aZH9BgGtACHhrk3OkT52AzwcuqTRBZtvvnTjDBh8eynMulu8Vg==}
    engines: {node: '>=14.16'}
    dependencies:
      '@tokenizer/token': 0.3.0
      ieee754: 1.2.1
    dev: false

  /tr46/0.0.3:
    resolution: {integrity: sha512-N3WMsuqV66lT30CrXNbEjx4GEwlow3v6rr4mCcv6prnfwhS01rkgyFdjPNBYd9br7LpXV1+Emh01fHnq2Gdgrw==}
    dev: false

  /ts-mixer/6.0.3:
    resolution: {integrity: sha512-k43M7uCG1AkTyxgnmI5MPwKoUvS/bRvLvUb7+Pgpdlmok8AoqmUaZxUUw8zKM5B1lqZrt41GjYgnvAi0fppqgQ==}
    dev: false

  /tslib/2.5.0:
    resolution: {integrity: sha512-336iVw3rtn2BUK7ORdIAHTyxHGRIHVReokCR3XjbckJMK7ms8FysBfhLR8IXnAgy7T0PTPNBWKiH514FOW/WSg==}
    dev: false

  /type/1.2.0:
    resolution: {integrity: sha512-+5nt5AAniqsCnu2cEQQdpzCAh33kVx8n0VoFidKpB1dVVLAN/F+bgVOqOJqOnEnrhp222clB5p3vUlD+1QAnfg==}
    dev: false

  /type/2.7.2:
    resolution: {integrity: sha512-dzlvlNlt6AXU7EBSfpAscydQ7gXB+pPGsPnfJnZpiNJBDj7IaJzQlBZYGdEi4R9HmPdBv2XmWJ6YUtoTa7lmCw==}
    dev: false

  /typedarray-to-buffer/3.1.5:
    resolution: {integrity: sha512-zdu8XMNEDepKKR+XYOXAVPtWui0ly0NtohUscw+UmaHiAWT8hrV1rr//H6V+0DvJ3OQ19S979M0laLfX8rm82Q==}
    dependencies:
      is-typedarray: 1.0.0
    dev: false

  /undici/5.22.0:
    resolution: {integrity: sha512-fR9RXCc+6Dxav4P9VV/sp5w3eFiSdOjJYsbtWfd4s5L5C4ogyuVpdKIVHeW0vV1MloM65/f7W45nR9ZxwVdyiA==}
    engines: {node: '>=14.0'}
    dependencies:
      busboy: 1.6.0
    dev: false

  /utf-8-validate/5.0.10:
    resolution: {integrity: sha512-Z6czzLq4u8fPOyx7TU6X3dvUZVvoJmxSQ+IcrlmagKhilxlhZgxPK6C5Jqbkw1IDUmFTM+cz9QDnnLTwDz/2gQ==}
    engines: {node: '>=6.14.2'}
    requiresBuild: true
    dependencies:
      node-gyp-build: 4.6.0
    dev: false

  /util-deprecate/1.0.2:
    resolution: {integrity: sha512-EPD5q1uXyFxJpCrLnCc1nHnq3gOa6DZBocAIiI2TaSCA7VCJ1UJDMagCzIkXNsUYfD1daK//LTEQ8xiIbrHtcw==}
    dev: false

  /webidl-conversions/3.0.1:
    resolution: {integrity: sha512-2JAn3z8AR6rjK8Sm8orRC0h/bcl/DqL7tRPdGZ4I1CjdF+EaMLmYxBHyXuKL849eucPFhvBoxMsflfOb8kxaeQ==}
    dev: false

  /websocket/1.0.34:
    resolution: {integrity: sha512-PRDso2sGwF6kM75QykIesBijKSVceR6jL2G8NGYyq2XrItNC2P5/qL5XeR056GhA+Ly7JMFvJb9I312mJfmqnQ==}
    engines: {node: '>=4.0.0'}
    dependencies:
      bufferutil: 4.0.7
      debug: 2.6.9
      es5-ext: 0.10.62
      typedarray-to-buffer: 3.1.5
      utf-8-validate: 5.0.10
      yaeti: 0.0.6
    transitivePeerDependencies:
      - supports-color
    dev: false

  /whatwg-url/5.0.0:
    resolution: {integrity: sha512-saE57nupxk6v3HY35+jzBwYa0rKSy0XR8JSxZPwgLr7ys0IBzhGviA1/TUGJLmSVqs8pb9AnvICXEuOHLprYTw==}
    dependencies:
      tr46: 0.0.3
      webidl-conversions: 3.0.1
    dev: false

  /ws/8.13.0:
    resolution: {integrity: sha512-x9vcZYTrFPC7aSIbj7sRCYo7L/Xb8Iy+pW0ng0wt2vCJv7M9HOMy0UoN3rr+IFC7hb7vXoqS+P9ktyLLLhO+LA==}
    engines: {node: '>=10.0.0'}
    peerDependencies:
      bufferutil: ^4.0.1
      utf-8-validate: '>=5.0.2'
    peerDependenciesMeta:
      bufferutil:
        optional: true
      utf-8-validate:
        optional: true
    dev: false

  /yaeti/0.0.6:
    resolution: {integrity: sha512-MvQa//+KcZCUkBTIC9blM+CU9J2GzuTytsOUwf2lidtvkx/6gnEp1QvJv34t9vdjhFmha/mUiNDbN0D0mJWdug==}
    engines: {node: '>=0.10.32'}
    dev: false
